PODS:
  - Flutter (1.0.0)
  - flutter_module (1.0.0)

DEPENDENCIES:
  - Flutter (from `../Flutter.podspec`)
  - flutter_module (from `../flutter_module.podspec`)

EXTERNAL SOURCES:
  Flutter:
    :path: "../Flutter.podspec"
  flutter_module:
    :path: "../flutter_module.podspec"

SPEC CHECKSUMS:
  Flutter: 0e3d915762c693b495b44d77113d4970485de6ec
  flutter_module: d7b836134cc299ea44f50a06bcbb159a4c2cbad5

PODFILE CHECKSUM: 309c643b53cd57272d011f94ebe134ba97c96d9f

COCOAPODS: 1.7.5
