PODS:
  - Flutter (1.13.600)
  - flutter_module (1.0.0)

DEPENDENCIES:
  - Flutter (from `../Flutter.podspec`)
  - flutter_module (from `../flutter_module.podspec`)

EXTERNAL SOURCES:
  Flutter:
    :podspec: "../Flutter.podspec"
  flutter_module:
    :path: "../flutter_module.podspec"

SPEC CHECKSUMS:
  Flutter: 91f8b19f9dea2947534bddbbc799c87b26205b14
  flutter_module: d7b836134cc299ea44f50a06bcbb159a4c2cbad5

PODFILE CHECKSUM: e1788c1f5769976d7d931a72ff03021b73c212ce

COCOAPODS: 1.7.5
