PODS:
  - Flutter (1.9.102)
  - flutter_module (1.0.0):
    - Flutter

DEPENDENCIES:
  - flutter_module (from `../flutter_module.podspec`)

SPEC REPOS:
  https://github.com/cocoapods/specs.git:
    - Flutter

EXTERNAL SOURCES:
  flutter_module:
    :path: "../flutter_module.podspec"

SPEC CHECKSUMS:
  Flutter: 9670f1db061e296954013c1ea79f7da889b0a88e
  flutter_module: a31a9eb8b361cc48c2f8f40ff5b7c357c517d7ca

PODFILE CHECKSUM: c1cd5194cc613ad9253725e62949e04808f5cbe3

COCOAPODS: 1.7.5
